Microsoft Visual Studio Solution File, Format Version 12.00
# Visual Studio Version 17
VisualStudioVersion = 17.5.2.0
MinimumVisualStudioVersion = 10.0.40219.1
Project("{FAE04EC0-301F-11D3-BF4B-00C04F79EFBC}") = "Modbus418", "Modbus418.csproj", "{A89D3F45-4831-059B-9676-041170F64285}"
EndProject
Global
	GlobalSection(SolutionConfigurationPlatforms) = preSolution
		Debug|Any CPU = Debug|Any CPU
		Release|Any CPU = Release|Any CPU
	EndGlobalSection
	GlobalSection(ProjectConfigurationPlatforms) = postSolution
		{A89D3F45-4831-059B-9676-041170F64285}.Debug|Any CPU.ActiveCfg = Debug|Any CPU
		{A89D3F45-4831-059B-9676-041170F64285}.Debug|Any CPU.Build.0 = Debug|Any CPU
		{A89D3F45-4831-059B-9676-041170F64285}.Release|Any CPU.ActiveCfg = Release|Any CPU
		{A89D3F45-4831-059B-9676-041170F64285}.Release|Any CPU.Build.0 = Release|Any CPU
	EndGlobalSection
	GlobalSection(SolutionProperties) = preSolution
		HideSolutionNode = FALSE
	EndGlobalSection
	GlobalSection(ExtensibilityGlobals) = postSolution
		SolutionGuid = {B0BFC749-5CFD-4A3B-8B10-37E607EFEE61}
	EndGlobalSection
EndGlobal
